
Microsoft Visual Studio Solution File, Format Version 12.00
# Visual Studio Version 17
VisualStudioVersion = 17.2.32516.85
MinimumVisualStudioVersion = 10.0.40219.1
Project("{FAE04EC0-301F-11D3-BF4B-00C04F79EFBC}") = "08.06.22(1)", "08.06.22(1)\08.06.22(1).csproj", "{F812EEDE-7869-402E-8763-10EAE4D0993F}"
EndProject
Global
	GlobalSection(SolutionConfigurationPlatforms) = preSolution
		Debug|Any CPU = Debug|Any CPU
		Release|Any CPU = Release|Any CPU
	EndGlobalSection
	GlobalSection(ProjectConfigurationPlatforms) = postSolution
		{F812EEDE-7869-402E-8763-10EAE4D0993F}.Debug|Any CPU.ActiveCfg = Debug|Any CPU
		{F812EEDE-7869-402E-8763-10EAE4D0993F}.Debug|Any CPU.Build.0 = Debug|Any CPU
		{F812EEDE-7869-402E-8763-10EAE4D0993F}.Release|Any CPU.ActiveCfg = Release|Any CPU
		{F812EEDE-7869-402E-8763-10EAE4D0993F}.Release|Any CPU.Build.0 = Release|Any CPU
	EndGlobalSection
	GlobalSection(SolutionProperties) = preSolution
		HideSolutionNode = FALSE
	EndGlobalSection
	GlobalSection(ExtensibilityGlobals) = postSolution
		SolutionGuid = {FE7718EA-D951-4758-98DD-6A69CD78F616}
	EndGlobalSection
EndGlobal
